
Microsoft Visual Studio Solution File, Format Version 12.00
# Visual Studio Version 17
VisualStudioVersion = 17.0.31903.59
MinimumVisualStudioVersion = 10.0.40219.1
Project("{FAE04EC0-301F-11D3-BF4B-00C04F79EFBC}") = "AirportSim.Simulator.Api", "AirportSim.Simulator.Api\AirportSim.Simulator.Api.csproj", "{DE1E26AE-2B66-498F-AC92-EB46379EFCED}"
EndProject
Project("{FAE04EC0-301F-11D3-BF4B-00C04F79EFBC}") = "AirportSim.Simulator.Application", "AirportSim.Simulator.Application\AirportSim.Simulator.Application.csproj", "{0A3659A1-81BE-4666-8A24-0AA7234FACB2}"
EndProject
Project("{FAE04EC0-301F-11D3-BF4B-00C04F79EFBC}") = "AirportSim.Simulator.Domain", "AirportSim.Simulator.Domain\AirportSim.Simulator.Domain.csproj", "{FE8B9963-7D4E-42A7-8B89-0C845F1CB5E5}"
EndProject
Global
	GlobalSection(SolutionConfigurationPlatforms) = preSolution
		Debug|Any CPU = Debug|Any CPU
		Release|Any CPU = Release|Any CPU
	EndGlobalSection
	GlobalSection(ProjectConfigurationPlatforms) = postSolution
		{DE1E26AE-2B66-498F-AC92-EB46379EFCED}.Debug|Any CPU.ActiveCfg = Debug|Any CPU
		{DE1E26AE-2B66-498F-AC92-EB46379EFCED}.Debug|Any CPU.Build.0 = Debug|Any CPU
		{DE1E26AE-2B66-498F-AC92-EB46379EFCED}.Release|Any CPU.ActiveCfg = Release|Any CPU
		{DE1E26AE-2B66-498F-AC92-EB46379EFCED}.Release|Any CPU.Build.0 = Release|Any CPU
		{0A3659A1-81BE-4666-8A24-0AA7234FACB2}.Debug|Any CPU.ActiveCfg = Debug|Any CPU
		{0A3659A1-81BE-4666-8A24-0AA7234FACB2}.Debug|Any CPU.Build.0 = Debug|Any CPU
		{0A3659A1-81BE-4666-8A24-0AA7234FACB2}.Release|Any CPU.ActiveCfg = Release|Any CPU
		{0A3659A1-81BE-4666-8A24-0AA7234FACB2}.Release|Any CPU.Build.0 = Release|Any CPU
		{FE8B9963-7D4E-42A7-8B89-0C845F1CB5E5}.Debug|Any CPU.ActiveCfg = Debug|Any CPU
		{FE8B9963-7D4E-42A7-8B89-0C845F1CB5E5}.Debug|Any CPU.Build.0 = Debug|Any CPU
		{FE8B9963-7D4E-42A7-8B89-0C845F1CB5E5}.Release|Any CPU.ActiveCfg = Release|Any CPU
		{FE8B9963-7D4E-42A7-8B89-0C845F1CB5E5}.Release|Any CPU.Build.0 = Release|Any CPU
	EndGlobalSection
	GlobalSection(SolutionProperties) = preSolution
		HideSolutionNode = FALSE
	EndGlobalSection
	GlobalSection(ExtensibilityGlobals) = postSolution
		SolutionGuid = {9FC95637-586F-4C3A-800D-0FC35B227AC7}
	EndGlobalSection
EndGlobal
